
Microsoft Visual Studio Solution File, Format Version 12.00
# Visual Studio 15
VisualStudioVersion = 15.0.28307.489
MinimumVisualStudioVersion = 10.0.40219.1
Project("{FAE04EC0-301F-11D3-BF4B-00C04F79EFBC}") = "DetectionDeContours", "DetectionDeContours\DetectionDeContours.csproj", "{0B8B9AA8-8A88-40C3-B3A7-474858E1CDC7}"
EndProject
Global
	GlobalSection(SolutionConfigurationPlatforms) = preSolution
		Debug|Any CPU = Debug|Any CPU
		Release|Any CPU = Release|Any CPU
	EndGlobalSection
	GlobalSection(ProjectConfigurationPlatforms) = postSolution
		{0B8B9AA8-8A88-40C3-B3A7-474858E1CDC7}.Debug|Any CPU.ActiveCfg = Debug|Any CPU
		{0B8B9AA8-8A88-40C3-B3A7-474858E1CDC7}.Debug|Any CPU.Build.0 = Debug|Any CPU
		{0B8B9AA8-8A88-40C3-B3A7-474858E1CDC7}.Release|Any CPU.ActiveCfg = Release|Any CPU
		{0B8B9AA8-8A88-40C3-B3A7-474858E1CDC7}.Release|Any CPU.Build.0 = Release|Any CPU
	EndGlobalSection
	GlobalSection(SolutionProperties) = preSolution
		HideSolutionNode = FALSE
	EndGlobalSection
	GlobalSection(ExtensibilityGlobals) = postSolution
		SolutionGuid = {2B0F277B-0115-44F7-A7D2-606AD6B1E3B1}
	EndGlobalSection
EndGlobal
